{
  "name": "Maxx",
  "lockfileVersion": 3,
  "requires": true,
  "packages": {
    "": {
      "dependencies": {
        "word-list": "^4.1.0"
      }
    },
    "node_modules/word-list": {
      "version": "4.1.0",
      "resolved": "https://registry.npmjs.org/word-list/-/word-list-4.1.0.tgz",
      "integrity": "sha512-4vtKyH8lGfaY8DHLTKQDfDxPixdK6BC/2W38TsPE07Wc8uPrMIbEO3quxBFSa2BfsDyG6pW47UEN/9tfYxN6BA==",
      "engines": {
        "node": ">=18"
      },
      "funding": {
        "url": "https://github.com/sponsors/sindresorhus"
      }
    }
  }
}
